// !$*UTF8*$!
{
	archiveVersion = 1;
	classes = {
	};
	objectVersion = 46;
	objects = {

/* Begin PBXBuildFile section */
		42A0D3D21E41CB26000B08E6 /* MobLogin.m in Sources */ = {isa = PBXBuildFile; fileRef = 42A0D3D11E41CB26000B08E6 /* MobLogin.m */; };
		EE4CDD841ED7C46100CE791F /* ShareSDK.framework in Frameworks */ = {isa = PBXBuildFile; fileRef = EE4CDD601ED7C46100CE791F /* ShareSDK.framework */; };
		EE4CDD851ED7C46100CE791F /* ShareSDKConfigFile.framework in Frameworks */ = {isa = PBXBuildFile; fileRef = EE4CDD641ED7C46100CE791F /* ShareSDKConfigFile.framework */; };
		EE4CDD861ED7C46100CE791F /* ShareSDKExtension.framework in Frameworks */ = {isa = PBXBuildFile; fileRef = EE4CDD651ED7C46100CE791F /* ShareSDKExtension.framework */; };
		EE4CDD871ED7C46100CE791F /* ShareSDKUI.framework in Frameworks */ = {isa = PBXBuildFile; fileRef = EE4CDD671ED7C46100CE791F /* ShareSDKUI.framework */; };
		EE4CDD881ED7C46100CE791F /* SinaWeiboConnector.framework in Frameworks */ = {isa = PBXBuildFile; fileRef = EE4CDD691ED7C46100CE791F /* SinaWeiboConnector.framework */; };
		EE4CDD891ED7C46100CE791F /* WechatConnector.framework in Frameworks */ = {isa = PBXBuildFile; fileRef = EE4CDD6A1ED7C46100CE791F /* WechatConnector.framework */; };
		EE4CDD8A1ED7C46100CE791F /* libWeiboSDK.a in Frameworks */ = {isa = PBXBuildFile; fileRef = EE4CDD6D1ED7C46100CE791F /* libWeiboSDK.a */; };
		EE4CDD8B1ED7C46100CE791F /* libWeChatSDK.a in Frameworks */ = {isa = PBXBuildFile; fileRef = EE4CDD7B1ED7C46100CE791F /* libWeChatSDK.a */; };
		EE4CDD8C1ED7C46100CE791F /* MOBFoundation.framework in Frameworks */ = {isa = PBXBuildFile; fileRef = EE4CDD811ED7C46100CE791F /* MOBFoundation.framework */; };
		EE4CDD8D1ED7C46100CE791F /* ShareSDKConnector.framework in Frameworks */ = {isa = PBXBuildFile; fileRef = EE4CDD831ED7C46100CE791F /* ShareSDKConnector.framework */; };
/* End PBXBuildFile section */

/* Begin PBXCopyFilesBuildPhase section */
		42975DC61E40F8B9009908A9 /* CopyFiles */ = {
			isa = PBXCopyFilesBuildPhase;
			buildActionMask = 2147483647;
			dstPath = "include/$(PRODUCT_NAME)";
			dstSubfolderSpec = 16;
			files = (
			);
			runOnlyForDeploymentPostprocessing = 0;
		};
/* End PBXCopyFilesBuildPhase section */

/* Begin PBXFileReference section */
		4270F5C81E420DC6005825DB /* libsqlite3.tbd */ = {isa = PBXFileReference; lastKnownFileType = "sourcecode.text-based-dylib-definition"; name = libsqlite3.tbd; path = usr/lib/libsqlite3.tbd; sourceTree = SDKROOT; };
		42975DC81E40F8B9009908A9 /* librnsharesdk.a */ = {isa = PBXFileReference; explicitFileType = archive.ar; includeInIndex = 0; path = librnsharesdk.a; sourceTree = BUILT_PRODUCTS_DIR; };
		42A0D3D11E41CB26000B08E6 /* MobLogin.m */ = {isa = PBXFileReference; fileEncoding = 4; lastKnownFileType = sourcecode.c.objc; path = MobLogin.m; sourceTree = "<group>"; };
		42A0D3D31E41CDF6000B08E6 /* MobLogin.h */ = {isa = PBXFileReference; lastKnownFileType = sourcecode.c.h; path = MobLogin.h; sourceTree = "<group>"; };
		42A0D3EA1E41D8B7000B08E6 /* JavaScriptCore.framework */ = {isa = PBXFileReference; lastKnownFileType = wrapper.framework; name = JavaScriptCore.framework; path = System/Library/Frameworks/JavaScriptCore.framework; sourceTree = SDKROOT; };
		EE4CDD601ED7C46100CE791F /* ShareSDK.framework */ = {isa = PBXFileReference; lastKnownFileType = wrapper.framework; path = ShareSDK.framework; sourceTree = "<group>"; };
		EE4CDD631ED7C46100CE791F /* ShareSDKConfigFile.bundle */ = {isa = PBXFileReference; lastKnownFileType = "wrapper.plug-in"; path = ShareSDKConfigFile.bundle; sourceTree = "<group>"; };
		EE4CDD641ED7C46100CE791F /* ShareSDKConfigFile.framework */ = {isa = PBXFileReference; lastKnownFileType = wrapper.framework; path = ShareSDKConfigFile.framework; sourceTree = "<group>"; };
		EE4CDD651ED7C46100CE791F /* ShareSDKExtension.framework */ = {isa = PBXFileReference; lastKnownFileType = wrapper.framework; path = ShareSDKExtension.framework; sourceTree = "<group>"; };
		EE4CDD661ED7C46100CE791F /* ShareSDKUI.bundle */ = {isa = PBXFileReference; lastKnownFileType = "wrapper.plug-in"; path = ShareSDKUI.bundle; sourceTree = "<group>"; };
		EE4CDD671ED7C46100CE791F /* ShareSDKUI.framework */ = {isa = PBXFileReference; lastKnownFileType = wrapper.framework; path = ShareSDKUI.framework; sourceTree = "<group>"; };
		EE4CDD691ED7C46100CE791F /* SinaWeiboConnector.framework */ = {isa = PBXFileReference; lastKnownFileType = wrapper.framework; path = SinaWeiboConnector.framework; sourceTree = "<group>"; };
		EE4CDD6A1ED7C46100CE791F /* WechatConnector.framework */ = {isa = PBXFileReference; lastKnownFileType = wrapper.framework; path = WechatConnector.framework; sourceTree = "<group>"; };
		EE4CDD6D1ED7C46100CE791F /* libWeiboSDK.a */ = {isa = PBXFileReference; lastKnownFileType = archive.ar; path = libWeiboSDK.a; sourceTree = "<group>"; };
		EE4CDD6E1ED7C46100CE791F /* WBHttpRequest+WeiboGame.h */ = {isa = PBXFileReference; fileEncoding = 4; lastKnownFileType = sourcecode.c.h; path = "WBHttpRequest+WeiboGame.h"; sourceTree = "<group>"; };
		EE4CDD6F1ED7C46100CE791F /* WBHttpRequest+WeiboShare.h */ = {isa = PBXFileReference; fileEncoding = 4; lastKnownFileType = sourcecode.c.h; path = "WBHttpRequest+WeiboShare.h"; sourceTree = "<group>"; };
		EE4CDD701ED7C46100CE791F /* WBHttpRequest+WeiboToken.h */ = {isa = PBXFileReference; fileEncoding = 4; lastKnownFileType = sourcecode.c.h; path = "WBHttpRequest+WeiboToken.h"; sourceTree = "<group>"; };
		EE4CDD711ED7C46100CE791F /* WBHttpRequest+WeiboUser.h */ = {isa = PBXFileReference; fileEncoding = 4; lastKnownFileType = sourcecode.c.h; path = "WBHttpRequest+WeiboUser.h"; sourceTree = "<group>"; };
		EE4CDD721ED7C46100CE791F /* WBHttpRequest.h */ = {isa = PBXFileReference; fileEncoding = 4; lastKnownFileType = sourcecode.c.h; path = WBHttpRequest.h; sourceTree = "<group>"; };
		EE4CDD731ED7C46100CE791F /* WBSDKBasicButton.h */ = {isa = PBXFileReference; fileEncoding = 4; lastKnownFileType = sourcecode.c.h; path = WBSDKBasicButton.h; sourceTree = "<group>"; };
		EE4CDD741ED7C46100CE791F /* WBSDKCommentButton.h */ = {isa = PBXFileReference; fileEncoding = 4; lastKnownFileType = sourcecode.c.h; path = WBSDKCommentButton.h; sourceTree = "<group>"; };
		EE4CDD751ED7C46100CE791F /* WBSDKRelationshipButton.h */ = {isa = PBXFileReference; fileEncoding = 4; lastKnownFileType = sourcecode.c.h; path = WBSDKRelationshipButton.h; sourceTree = "<group>"; };
		EE4CDD761ED7C46100CE791F /* WeiboSDK+Statistics.h */ = {isa = PBXFileReference; fileEncoding = 4; lastKnownFileType = sourcecode.c.h; path = "WeiboSDK+Statistics.h"; sourceTree = "<group>"; };
		EE4CDD771ED7C46100CE791F /* WeiboSDK.bundle */ = {isa = PBXFileReference; lastKnownFileType = "wrapper.plug-in"; path = WeiboSDK.bundle; sourceTree = "<group>"; };
		EE4CDD781ED7C46100CE791F /* WeiboSDK.h */ = {isa = PBXFileReference; fileEncoding = 4; lastKnownFileType = sourcecode.c.h; path = WeiboSDK.h; sourceTree = "<group>"; };
		EE4CDD791ED7C46100CE791F /* WeiboUser.h */ = {isa = PBXFileReference; fileEncoding = 4; lastKnownFileType = sourcecode.c.h; path = WeiboUser.h; sourceTree = "<group>"; };
		EE4CDD7B1ED7C46100CE791F /* libWeChatSDK.a */ = {isa = PBXFileReference; lastKnownFileType = archive.ar; path = libWeChatSDK.a; sourceTree = "<group>"; };
		EE4CDD7C1ED7C46100CE791F /* README.txt */ = {isa = PBXFileReference; fileEncoding = 4; lastKnownFileType = text; path = README.txt; sourceTree = "<group>"; };
		EE4CDD7D1ED7C46100CE791F /* WechatAuthSDK.h */ = {isa = PBXFileReference; fileEncoding = 4; lastKnownFileType = sourcecode.c.h; path = WechatAuthSDK.h; sourceTree = "<group>"; };
		EE4CDD7E1ED7C46100CE791F /* WXApi.h */ = {isa = PBXFileReference; fileEncoding = 4; lastKnownFileType = sourcecode.c.h; path = WXApi.h; sourceTree = "<group>"; };
		EE4CDD7F1ED7C46100CE791F /* WXApiObject.h */ = {isa = PBXFileReference; fileEncoding = 4; lastKnownFileType = sourcecode.c.h; path = WXApiObject.h; sourceTree = "<group>"; };
		EE4CDD811ED7C46100CE791F /* MOBFoundation.framework */ = {isa = PBXFileReference; lastKnownFileType = wrapper.framework; path = MOBFoundation.framework; sourceTree = "<group>"; };
		EE4CDD821ED7C46100CE791F /* ShareSDK.bundle */ = {isa = PBXFileReference; lastKnownFileType = "wrapper.plug-in"; path = ShareSDK.bundle; sourceTree = "<group>"; };
		EE4CDD831ED7C46100CE791F /* ShareSDKConnector.framework */ = {isa = PBXFileReference; lastKnownFileType = wrapper.framework; path = ShareSDKConnector.framework; sourceTree = "<group>"; };
/* End PBXFileReference section */

/* Begin PBXFrameworksBuildPhase section */
		42975DC51E40F8B9009908A9 /* Frameworks */ = {
			isa = PBXFrameworksBuildPhase;
			buildActionMask = 2147483647;
			files = (
				EE4CDD841ED7C46100CE791F /* ShareSDK.framework in Frameworks */,
				EE4CDD851ED7C46100CE791F /* ShareSDKConfigFile.framework in Frameworks */,
				EE4CDD8B1ED7C46100CE791F /* libWeChatSDK.a in Frameworks */,
				EE4CDD861ED7C46100CE791F /* ShareSDKExtension.framework in Frameworks */,
				EE4CDD8A1ED7C46100CE791F /* libWeiboSDK.a in Frameworks */,
				EE4CDD871ED7C46100CE791F /* ShareSDKUI.framework in Frameworks */,
				EE4CDD8C1ED7C46100CE791F /* MOBFoundation.framework in Frameworks */,
				EE4CDD8D1ED7C46100CE791F /* ShareSDKConnector.framework in Frameworks */,
				EE4CDD891ED7C46100CE791F /* WechatConnector.framework in Frameworks */,
				EE4CDD881ED7C46100CE791F /* SinaWeiboConnector.framework in Frameworks */,
			);
			runOnlyForDeploymentPostprocessing = 0;
		};
/* End PBXFrameworksBuildPhase section */

/* Begin PBXGroup section */
		4270F5C71E420DC6005825DB /* Frameworks */ = {
			isa = PBXGroup;
			children = (
				4270F5C81E420DC6005825DB /* libsqlite3.tbd */,
			);
			name = Frameworks;
			sourceTree = "<group>";
		};
		42975DBF1E40F8B9009908A9 = {
			isa = PBXGroup;
			children = (
				42A0D3EA1E41D8B7000B08E6 /* JavaScriptCore.framework */,
				42975DCA1E40F8B9009908A9 /* rnsharesdk */,
				42975DC91E40F8B9009908A9 /* Products */,
				4270F5C71E420DC6005825DB /* Frameworks */,
			);
			sourceTree = "<group>";
		};
		42975DC91E40F8B9009908A9 /* Products */ = {
			isa = PBXGroup;
			children = (
				42975DC81E40F8B9009908A9 /* librnsharesdk.a */,
			);
			name = Products;
			sourceTree = "<group>";
		};
		42975DCA1E40F8B9009908A9 /* rnsharesdk */ = {
			isa = PBXGroup;
			children = (
				EE4CDD5F1ED7C46100CE791F /* ShareSDK */,
				42A0D3D11E41CB26000B08E6 /* MobLogin.m */,
				42A0D3D31E41CDF6000B08E6 /* MobLogin.h */,
			);
			path = rnsharesdk;
			sourceTree = "<group>";
		};
		EE4CDD5F1ED7C46100CE791F /* ShareSDK */ = {
			isa = PBXGroup;
			children = (
				EE4CDD601ED7C46100CE791F /* ShareSDK.framework */,
				EE4CDD611ED7C46100CE791F /* Support */,
			);
			path = ShareSDK;
			sourceTree = "<group>";
		};
		EE4CDD611ED7C46100CE791F /* Support */ = {
			isa = PBXGroup;
			children = (
				EE4CDD621ED7C46100CE791F /* Optional */,
				EE4CDD681ED7C46100CE791F /* PlatformConnector */,
				EE4CDD6B1ED7C46100CE791F /* PlatformSDK */,
				EE4CDD801ED7C46100CE791F /* Required */,
			);
			path = Support;
			sourceTree = "<group>";
		};
		EE4CDD621ED7C46100CE791F /* Optional */ = {
			isa = PBXGroup;
			children = (
				EE4CDD631ED7C46100CE791F /* ShareSDKConfigFile.bundle */,
				EE4CDD641ED7C46100CE791F /* ShareSDKConfigFile.framework */,
				EE4CDD651ED7C46100CE791F /* ShareSDKExtension.framework */,
				EE4CDD661ED7C46100CE791F /* ShareSDKUI.bundle */,
				EE4CDD671ED7C46100CE791F /* ShareSDKUI.framework */,
			);
			path = Optional;
			sourceTree = "<group>";
		};
		EE4CDD681ED7C46100CE791F /* PlatformConnector */ = {
			isa = PBXGroup;
			children = (
				EE4CDD691ED7C46100CE791F /* SinaWeiboConnector.framework */,
				EE4CDD6A1ED7C46100CE791F /* WechatConnector.framework */,
			);
			path = PlatformConnector;
			sourceTree = "<group>";
		};
		EE4CDD6B1ED7C46100CE791F /* PlatformSDK */ = {
			isa = PBXGroup;
			children = (
				EE4CDD6C1ED7C46100CE791F /* SinaWeiboSDK */,
				EE4CDD7A1ED7C46100CE791F /* WeChatSDK */,
			);
			path = PlatformSDK;
			sourceTree = "<group>";
		};
		EE4CDD6C1ED7C46100CE791F /* SinaWeiboSDK */ = {
			isa = PBXGroup;
			children = (
				EE4CDD6D1ED7C46100CE791F /* libWeiboSDK.a */,
				EE4CDD6E1ED7C46100CE791F /* WBHttpRequest+WeiboGame.h */,
				EE4CDD6F1ED7C46100CE791F /* WBHttpRequest+WeiboShare.h */,
				EE4CDD701ED7C46100CE791F /* WBHttpRequest+WeiboToken.h */,
				EE4CDD711ED7C46100CE791F /* WBHttpRequest+WeiboUser.h */,
				EE4CDD721ED7C46100CE791F /* WBHttpRequest.h */,
				EE4CDD731ED7C46100CE791F /* WBSDKBasicButton.h */,
				EE4CDD741ED7C46100CE791F /* WBSDKCommentButton.h */,
				EE4CDD751ED7C46100CE791F /* WBSDKRelationshipButton.h */,
				EE4CDD761ED7C46100CE791F /* WeiboSDK+Statistics.h */,
				EE4CDD771ED7C46100CE791F /* WeiboSDK.bundle */,
				EE4CDD781ED7C46100CE791F /* WeiboSDK.h */,
				EE4CDD791ED7C46100CE791F /* WeiboUser.h */,
			);
			path = SinaWeiboSDK;
			sourceTree = "<group>";
		};
		EE4CDD7A1ED7C46100CE791F /* WeChatSDK */ = {
			isa = PBXGroup;
			children = (
				EE4CDD7B1ED7C46100CE791F /* libWeChatSDK.a */,
				EE4CDD7C1ED7C46100CE791F /* README.txt */,
				EE4CDD7D1ED7C46100CE791F /* WechatAuthSDK.h */,
				EE4CDD7E1ED7C46100CE791F /* WXApi.h */,
				EE4CDD7F1ED7C46100CE791F /* WXApiObject.h */,
			);
			path = WeChatSDK;
			sourceTree = "<group>";
		};
		EE4CDD801ED7C46100CE791F /* Required */ = {
			isa = PBXGroup;
			children = (
				EE4CDD811ED7C46100CE791F /* MOBFoundation.framework */,
				EE4CDD821ED7C46100CE791F /* ShareSDK.bundle */,
				EE4CDD831ED7C46100CE791F /* ShareSDKConnector.framework */,
			);
			path = Required;
			sourceTree = "<group>";
		};
/* End PBXGroup section */

/* Begin PBXNativeTarget section */
		42975DC71E40F8B9009908A9 /* rnsharesdk */ = {
			isa = PBXNativeTarget;
			buildConfigurationList = 42975DD11E40F8B9009908A9 /* Build configuration list for PBXNativeTarget "rnsharesdk" */;
			buildPhases = (
				42975DC41E40F8B9009908A9 /* Sources */,
				42975DC51E40F8B9009908A9 /* Frameworks */,
				42975DC61E40F8B9009908A9 /* CopyFiles */,
			);
			buildRules = (
			);
			dependencies = (
			);
			name = rnsharesdk;
			productName = rnsharesdk;
			productReference = 42975DC81E40F8B9009908A9 /* librnsharesdk.a */;
			productType = "com.apple.product-type.library.static";
		};
/* End PBXNativeTarget section */

/* Begin PBXProject section */
		42975DC01E40F8B9009908A9 /* Project object */ = {
			isa = PBXProject;
			attributes = {
				LastUpgradeCheck = 0730;
				ORGANIZATIONNAME = qq;
				TargetAttributes = {
					42975DC71E40F8B9009908A9 = {
						CreatedOnToolsVersion = 7.3.1;
					};
				};
			};
			buildConfigurationList = 42975DC31E40F8B9009908A9 /* Build configuration list for PBXProject "rnsharesdk" */;
			compatibilityVersion = "Xcode 3.2";
			developmentRegion = English;
			hasScannedForEncodings = 0;
			knownRegions = (
				en,
			);
			mainGroup = 42975DBF1E40F8B9009908A9;
			productRefGroup = 42975DC91E40F8B9009908A9 /* Products */;
			projectDirPath = "";
			projectRoot = "";
			targets = (
				42975DC71E40F8B9009908A9 /* rnsharesdk */,
			);
		};
/* End PBXProject section */

/* Begin PBXSourcesBuildPhase section */
		42975DC41E40F8B9009908A9 /* Sources */ = {
			isa = PBXSourcesBuildPhase;
			buildActionMask = 2147483647;
			files = (
				42A0D3D21E41CB26000B08E6 /* MobLogin.m in Sources */,
			);
			runOnlyForDeploymentPostprocessing = 0;
		};
/* End PBXSourcesBuildPhase section */

/* Begin XCBuildConfiguration section */
		42975DCF1E40F8B9009908A9 /* Debug */ = {
			isa = XCBuildConfiguration;
			buildSettings = {
				ALWAYS_SEARCH_USER_PATHS = NO;
				CLANG_ANALYZER_NONNULL = YES;
				CLANG_CXX_LANGUAGE_STANDARD = "gnu++0x";
				CLANG_CXX_LIBRARY = "libc++";
				CLANG_ENABLE_MODULES = YES;
				CLANG_ENABLE_OBJC_ARC = YES;
				CLANG_WARN_BOOL_CONVERSION = YES;
				CLANG_WARN_CONSTANT_CONVERSION = YES;
				CLANG_WARN_DIRECT_OBJC_ISA_USAGE = YES_ERROR;
				CLANG_WARN_EMPTY_BODY = YES;
				CLANG_WARN_ENUM_CONVERSION = YES;
				CLANG_WARN_INT_CONVERSION = YES;
				CLANG_WARN_OBJC_ROOT_CLASS = YES_ERROR;
				CLANG_WARN_UNREACHABLE_CODE = YES;
				CLANG_WARN__DUPLICATE_METHOD_MATCH = YES;
				"CODE_SIGN_IDENTITY[sdk=iphoneos*]" = "iPhone Developer";
				COPY_PHASE_STRIP = NO;
				DEBUG_INFORMATION_FORMAT = dwarf;
				ENABLE_STRICT_OBJC_MSGSEND = YES;
				ENABLE_TESTABILITY = YES;
				GCC_C_LANGUAGE_STANDARD = gnu99;
				GCC_DYNAMIC_NO_PIC = NO;
				GCC_NO_COMMON_BLOCKS = YES;
				GCC_OPTIMIZATION_LEVEL = 0;
				GCC_PREPROCESSOR_DEFINITIONS = (
					"DEBUG=1",
					"$(inherited)",
				);
				GCC_WARN_64_TO_32_BIT_CONVERSION = YES;
				GCC_WARN_ABOUT_RETURN_TYPE = YES_ERROR;
				GCC_WARN_UNDECLARED_SELECTOR = YES;
				GCC_WARN_UNINITIALIZED_AUTOS = YES_AGGRESSIVE;
				GCC_WARN_UNUSED_FUNCTION = YES;
				GCC_WARN_UNUSED_VARIABLE = YES;
				IPHONEOS_DEPLOYMENT_TARGET = 9.3;
				MTL_ENABLE_DEBUG_INFO = YES;
				ONLY_ACTIVE_ARCH = YES;
				SDKROOT = iphoneos;
			};
			name = Debug;
		};
		42975DD01E40F8B9009908A9 /* Release */ = {
			isa = XCBuildConfiguration;
			buildSettings = {
				ALWAYS_SEARCH_USER_PATHS = NO;
				CLANG_ANALYZER_NONNULL = YES;
				CLANG_CXX_LANGUAGE_STANDARD = "gnu++0x";
				CLANG_CXX_LIBRARY = "libc++";
				CLANG_ENABLE_MODULES = YES;
				CLANG_ENABLE_OBJC_ARC = YES;
				CLANG_WARN_BOOL_CONVERSION = YES;
				CLANG_WARN_CONSTANT_CONVERSION = YES;
				CLANG_WARN_DIRECT_OBJC_ISA_USAGE = YES_ERROR;
				CLANG_WARN_EMPTY_BODY = YES;
				CLANG_WARN_ENUM_CONVERSION = YES;
				CLANG_WARN_INT_CONVERSION = YES;
				CLANG_WARN_OBJC_ROOT_CLASS = YES_ERROR;
				CLANG_WARN_UNREACHABLE_CODE = YES;
				CLANG_WARN__DUPLICATE_METHOD_MATCH = YES;
				"CODE_SIGN_IDENTITY[sdk=iphoneos*]" = "iPhone Developer";
				COPY_PHASE_STRIP = NO;
				DEBUG_INFORMATION_FORMAT = "dwarf-with-dsym";
				ENABLE_NS_ASSERTIONS = NO;
				ENABLE_STRICT_OBJC_MSGSEND = YES;
				GCC_C_LANGUAGE_STANDARD = gnu99;
				GCC_NO_COMMON_BLOCKS = YES;
				GCC_WARN_64_TO_32_BIT_CONVERSION = YES;
				GCC_WARN_ABOUT_RETURN_TYPE = YES_ERROR;
				GCC_WARN_UNDECLARED_SELECTOR = YES;
				GCC_WARN_UNINITIALIZED_AUTOS = YES_AGGRESSIVE;
				GCC_WARN_UNUSED_FUNCTION = YES;
				GCC_WARN_UNUSED_VARIABLE = YES;
				IPHONEOS_DEPLOYMENT_TARGET = 9.3;
				MTL_ENABLE_DEBUG_INFO = NO;
				SDKROOT = iphoneos;
				VALIDATE_PRODUCT = YES;
			};
			name = Release;
		};
		42975DD21E40F8B9009908A9 /* Debug */ = {
			isa = XCBuildConfiguration;
			buildSettings = {
				CLANG_ENABLE_MODULES = YES;
				FRAMEWORK_SEARCH_PATHS = (
					"$(inherited)",
					"$(PROJECT_DIR)/rnsharesdk/ShareSDK",
					"$(PROJECT_DIR)/rnsharesdk/ShareSDK/Support/Optional",
					"$(PROJECT_DIR)/rnsharesdk/ShareSDK/Support/PlatformConnector",
					"$(PROJECT_DIR)/rnsharesdk/ShareSDK/Support/Required",
					"$(PROJECT_DIR)/RNSharesdk/ShareSDK",
					"$(PROJECT_DIR)/RNSharesdk/ShareSDK/Support/Optional",
					"$(PROJECT_DIR)/RNSharesdk/ShareSDK/Support/PlatformConnector",
					"$(PROJECT_DIR)/RNSharesdk/ShareSDK/Support/Required",
				);
				HEADER_SEARCH_PATHS = (
					"$(SRCROOT)/../../react-native/React/**",
					"$(SRCROOT)/rnsharesdk/ShareSDK/Support/PlatformSDK/WeChatSDK",
					"$(SRCROOT)/rnsharesdk/ShareSDK/Support/PlatformSDK/SinaWeiboSDK",
				);
				LD_RUNPATH_SEARCH_PATHS = "$(inherited) @executable_path/Frameworks @loader_path/Frameworks";
				LIBRARY_SEARCH_PATHS = (
					"$(inherited)",
					"$(SRCROOT)/rnsharesdk/ShareSDK/Support/PlatformSDK/WeChatSDK",
					"$(PROJECT_DIR)/rnsharesdk/ShareSDK/Support/PlatformSDK/libWeiboSDK",
					"$(PROJECT_DIR)/RNSharesdk/ShareSDK/Support/PlatformSDK/SinaWeiboSDK",
					"$(PROJECT_DIR)/RNSharesdk/ShareSDK/Support/PlatformSDK/WeChatSDK",
					"$(PROJECT_DIR)/rnsharesdk/ShareSDK/Support/PlatformSDK/SinaWeiboSDK",
					"$(PROJECT_DIR)/rnsharesdk/ShareSDK/Support/PlatformSDK/WeChatSDK",
				);
				OTHER_LDFLAGS = "-ObjC";
				PRODUCT_NAME = "$(TARGET_NAME)";
				SKIP_INSTALL = YES;
				SWIFT_OBJC_BRIDGING_HEADER = "rnsharesdk/rnsharesdk-Bridging-Header.h";
				SWIFT_OPTIMIZATION_LEVEL = "-Onone";
			};
			name = Debug;
		};
		42975DD31E40F8B9009908A9 /* Release */ = {
			isa = XCBuildConfiguration;
			buildSettings = {
				CLANG_ENABLE_MODULES = YES;
				FRAMEWORK_SEARCH_PATHS = (
					"$(inherited)",
					"$(PROJECT_DIR)/rnsharesdk/ShareSDK",
					"$(PROJECT_DIR)/rnsharesdk/ShareSDK/Support/Optional",
					"$(PROJECT_DIR)/rnsharesdk/ShareSDK/Support/PlatformConnector",
					"$(PROJECT_DIR)/rnsharesdk/ShareSDK/Support/Required",
					"$(PROJECT_DIR)/RNSharesdk/ShareSDK",
					"$(PROJECT_DIR)/RNSharesdk/ShareSDK/Support/Optional",
					"$(PROJECT_DIR)/RNSharesdk/ShareSDK/Support/PlatformConnector",
					"$(PROJECT_DIR)/RNSharesdk/ShareSDK/Support/Required",
				);
				HEADER_SEARCH_PATHS = (
					"$(SRCROOT)/../../react-native/React/**",
					"$(SRCROOT)/rnsharesdk/ShareSDK/Support/PlatformSDK/WeChatSDK",
					"$(SRCROOT)/rnsharesdk/ShareSDK/Support/PlatformSDK/SinaWeiboSDK",
				);
				LD_RUNPATH_SEARCH_PATHS = "$(inherited) @executable_path/Frameworks @loader_path/Frameworks";
				LIBRARY_SEARCH_PATHS = (
					"$(inherited)",
					"$(SRCROOT)/rnsharesdk/ShareSDK/Support/PlatformSDK/WeChatSDK",
					"$(PROJECT_DIR)/rnsharesdk/ShareSDK/Support/PlatformSDK/libWeiboSDK",
					"$(PROJECT_DIR)/RNSharesdk/ShareSDK/Support/PlatformSDK/SinaWeiboSDK",
					"$(PROJECT_DIR)/RNSharesdk/ShareSDK/Support/PlatformSDK/WeChatSDK",
					"$(PROJECT_DIR)/rnsharesdk/ShareSDK/Support/PlatformSDK/SinaWeiboSDK",
					"$(PROJECT_DIR)/rnsharesdk/ShareSDK/Support/PlatformSDK/WeChatSDK",
				);
				OTHER_LDFLAGS = "-ObjC";
				PRODUCT_NAME = "$(TARGET_NAME)";
				SKIP_INSTALL = YES;
				SWIFT_OBJC_BRIDGING_HEADER = "rnsharesdk/rnsharesdk-Bridging-Header.h";
			};
			name = Release;
		};
/* End XCBuildConfiguration section */

/* Begin XCConfigurationList section */
		42975DC31E40F8B9009908A9 /* Build configuration list for PBXProject "rnsharesdk" */ = {
			isa = XCConfigurationList;
			buildConfigurations = (
				42975DCF1E40F8B9009908A9 /* Debug */,
				42975DD01E40F8B9009908A9 /* Release */,
			);
			defaultConfigurationIsVisible = 0;
			defaultConfigurationName = Release;
		};
		42975DD11E40F8B9009908A9 /* Build configuration list for PBXNativeTarget "rnsharesdk" */ = {
			isa = XCConfigurationList;
			buildConfigurations = (
				42975DD21E40F8B9009908A9 /* Debug */,
				42975DD31E40F8B9009908A9 /* Release */,
			);
			defaultConfigurationIsVisible = 0;
			defaultConfigurationName = Release;
		};
/* End XCConfigurationList section */
	};
	rootObject = 42975DC01E40F8B9009908A9 /* Project object */;
}
